// !$*UTF8*$!
{
	archiveVersion = 1;
	classes = {
	};
	objectVersion = 46;
	objects = {

/* Begin PBXBuildFile section */
		227B78DE1BAE8339002E6D2F /* AppDelegate.swift in Sources */ = {isa = PBXBuildFile; fileRef = 227B78DD1BAE8339002E6D2F /* AppDelegate.swift */; };
		227B78E01BAE8339002E6D2F /* ViewController.swift in Sources */ = {isa = PBXBuildFile; fileRef = 227B78DF1BAE8339002E6D2F /* ViewController.swift */; };
		227B78E31BAE8339002E6D2F /* Main.storyboard in Resources */ = {isa = PBXBuildFile; fileRef = 227B78E11BAE8339002E6D2F /* Main.storyboard */; };
		227B78E51BAE8339002E6D2F /* Assets.xcassets in Resources */ = {isa = PBXBuildFile; fileRef = 227B78E41BAE8339002E6D2F /* Assets.xcassets */; };
		227B78E81BAE8339002E6D2F /* LaunchScreen.storyboard in Resources */ = {isa = PBXBuildFile; fileRef = 227B78E61BAE8339002E6D2F /* LaunchScreen.storyboard */; };
		227B78F31BAE8339002E6D2F /* Hello_WorldTests.swift in Sources */ = {isa = PBXBuildFile; fileRef = 227B78F21BAE8339002E6D2F /* Hello_WorldTests.swift */; };
		227B78FE1BAE8339002E6D2F /* Hello_WorldUITests.swift in Sources */ = {isa = PBXBuildFile; fileRef = 227B78FD1BAE8339002E6D2F /* Hello_WorldUITests.swift */; };
/* End PBXBuildFile section */

/* Begin PBXContainerItemProxy section */
		227B78EF1BAE8339002E6D2F /* PBXContainerItemProxy */ = {
			isa = PBXContainerItemProxy;
			containerPortal = 227B78D21BAE8339002E6D2F /* Project object */;
			proxyType = 1;
			remoteGlobalIDString = 227B78D91BAE8339002E6D2F;
			remoteInfo = "Hello World";
		};
		227B78FA1BAE8339002E6D2F /* PBXContainerItemProxy */ = {
			isa = PBXContainerItemProxy;
			containerPortal = 227B78D21BAE8339002E6D2F /* Project object */;
			proxyType = 1;
			remoteGlobalIDString = 227B78D91BAE8339002E6D2F;
			remoteInfo = "Hello World";
		};
/* End PBXContainerItemProxy section */

/* Begin PBXFileReference section */
		227B78DA1BAE8339002E6D2F /* Hello World.app */ = {isa = PBXFileReference; explicitFileType = wrapper.application; includeInIndex = 0; path = "Hello World.app"; sourceTree = BUILT_PRODUCTS_DIR; };
		227B78DD1BAE8339002E6D2F /* AppDelegate.swift */ = {isa = PBXFileReference; lastKnownFileType = sourcecode.swift; path = AppDelegate.swift; sourceTree = "<group>"; };
		227B78DF1BAE8339002E6D2F /* ViewController.swift */ = {isa = PBXFileReference; lastKnownFileType = sourcecode.swift; path = ViewController.swift; sourceTree = "<group>"; };
		227B78E21BAE8339002E6D2F /* Base */ = {isa = PBXFileReference; lastKnownFileType = file.storyboard; name = Base; path = Base.lproj/Main.storyboard; sourceTree = "<group>"; };
		227B78E41BAE8339002E6D2F /* Assets.xcassets */ = {isa = PBXFileReference; lastKnownFileType = folder.assetcatalog; path = Assets.xcassets; sourceTree = "<group>"; };
		227B78E71BAE8339002E6D2F /* Base */ = {isa = PBXFileReference; lastKnownFileType = file.storyboard; name = Base; path = Base.lproj/LaunchScreen.storyboard; sourceTree = "<group>"; };
		227B78E91BAE8339002E6D2F /* Info.plist */ = {isa = PBXFileReference; lastKnownFileType = text.plist.xml; path = Info.plist; sourceTree = "<group>"; };
		227B78EE1BAE8339002E6D2F /* Hello WorldTests.xctest */ = {isa = PBXFileReference; explicitFileType = wrapper.cfbundle; includeInIndex = 0; path = "Hello WorldTests.xctest"; sourceTree = BUILT_PRODUCTS_DIR; };
		227B78F21BAE8339002E6D2F /* Hello_WorldTests.swift */ = {isa = PBXFileReference; lastKnownFileType = sourcecode.swift; path = Hello_WorldTests.swift; sourceTree = "<group>"; };
		227B78F41BAE8339002E6D2F /* Info.plist */ = {isa = PBXFileReference; lastKnownFileType = text.plist.xml; path = Info.plist; sourceTree = "<group>"; };
		227B78F91BAE8339002E6D2F /* Hello WorldUITests.xctest */ = {isa = PBXFileReference; explicitFileType = wrapper.cfbundle; includeInIndex = 0; path = "Hello WorldUITests.xctest"; sourceTree = BUILT_PRODUCTS_DIR; };
		227B78FD1BAE8339002E6D2F /* Hello_WorldUITests.swift */ = {isa = PBXFileReference; lastKnownFileType = sourcecode.swift; path = Hello_WorldUITests.swift; sourceTree = "<group>"; };
		227B78FF1BAE8339002E6D2F /* Info.plist */ = {isa = PBXFileReference; lastKnownFileType = text.plist.xml; path = Info.plist; sourceTree = "<group>"; };
/* End PBXFileReference section */

/* Begin PBXFrameworksBuildPhase section */
		227B78D71BAE8339002E6D2F /* Frameworks */ = {
			isa = PBXFrameworksBuildPhase;
			buildActionMask = 2147483647;
			files = (
			);
			runOnlyForDeploymentPostprocessing = 0;
		};
		227B78EB1BAE8339002E6D2F /* Frameworks */ = {
			isa = PBXFrameworksBuildPhase;
			buildActionMask = 2147483647;
			files = (
			);
			runOnlyForDeploymentPostprocessing = 0;
		};
		227B78F61BAE8339002E6D2F /* Frameworks */ = {
			isa = PBXFrameworksBuildPhase;
			buildActionMask = 2147483647;
			files = (
			);
			runOnlyForDeploymentPostprocessing = 0;
		};
/* End PBXFrameworksBuildPhase section */

/* Begin PBXGroup section */
		227B78D11BAE8339002E6D2F = {
			isa = PBXGroup;
			children = (
				227B78DC1BAE8339002E6D2F /* Hello World */,
				227B78F11BAE8339002E6D2F /* Hello WorldTests */,
				227B78FC1BAE8339002E6D2F /* Hello WorldUITests */,
				227B78DB1BAE8339002E6D2F /* Products */,
			);
			sourceTree = "<group>";
		};
		227B78DB1BAE8339002E6D2F /* Products */ = {
			isa = PBXGroup;
			children = (
				227B78DA1BAE8339002E6D2F /* Hello World.app */,
				227B78EE1BAE8339002E6D2F /* Hello WorldTests.xctest */,
				227B78F91BAE8339002E6D2F /* Hello WorldUITests.xctest */,
			);
			name = Products;
			sourceTree = "<group>";
		};
		227B78DC1BAE8339002E6D2F /* Hello World */ = {
			isa = PBXGroup;
			children = (
				227B78DD1BAE8339002E6D2F /* AppDelegate.swift */,
				227B78DF1BAE8339002E6D2F /* ViewController.swift */,
				227B78E11BAE8339002E6D2F /* Main.storyboard */,
				227B78E41BAE8339002E6D2F /* Assets.xcassets */,
				227B78E61BAE8339002E6D2F /* LaunchScreen.storyboard */,
				227B78E91BAE8339002E6D2F /* Info.plist */,
			);
			path = "Hello World";
			sourceTree = "<group>";
		};
		227B78F11BAE8339002E6D2F /* Hello WorldTests */ = {
			isa = PBXGroup;
			children = (
				227B78F21BAE8339002E6D2F /* Hello_WorldTests.swift */,
				227B78F41BAE8339002E6D2F /* Info.plist */,
			);
			path = "Hello WorldTests";
			sourceTree = "<group>";
		};
		227B78FC1BAE8339002E6D2F /* Hello WorldUITests */ = {
			isa = PBXGroup;
			children = (
				227B78FD1BAE8339002E6D2F /* Hello_WorldUITests.swift */,
				227B78FF1BAE8339002E6D2F /* Info.plist */,
			);
			path = "Hello WorldUITests";
			sourceTree = "<group>";
		};
/* End PBXGroup section */

/* Begin PBXNativeTarget section */
		227B78D91BAE8339002E6D2F /* Hello World */ = {
			isa = PBXNativeTarget;
			buildConfigurationList = 227B79021BAE8339002E6D2F /* Build configuration list for PBXNativeTarget "Hello World" */;
			buildPhases = (
				227B78D61BAE8339002E6D2F /* Sources */,
				227B78D71BAE8339002E6D2F /* Frameworks */,
				227B78D81BAE8339002E6D2F /* Resources */,
			);
			buildRules = (
			);
			dependencies = (
			);
			name = "Hello World";
			productName = "Hello World";
			productReference = 227B78DA1BAE8339002E6D2F /* Hello World.app */;
			productType = "com.apple.product-type.application";
		};
		227B78ED1BAE8339002E6D2F /* Hello WorldTests */ = {
			isa = PBXNativeTarget;
			buildConfigurationList = 227B79051BAE8339002E6D2F /* Build configuration list for PBXNativeTarget "Hello WorldTests" */;
			buildPhases = (
				227B78EA1BAE8339002E6D2F /* Sources */,
				227B78EB1BAE8339002E6D2F /* Frameworks */,
				227B78EC1BAE8339002E6D2F /* Resources */,
			);
			buildRules = (
			);
			dependencies = (
				227B78F01BAE8339002E6D2F /* PBXTargetDependency */,
			);
			name = "Hello WorldTests";
			productName = "Hello WorldTests";
			productReference = 227B78EE1BAE8339002E6D2F /* Hello WorldTests.xctest */;
			productType = "com.apple.product-type.bundle.unit-test";
		};
		227B78F81BAE8339002E6D2F /* Hello WorldUITests */ = {
			isa = PBXNativeTarget;
			buildConfigurationList = 227B79081BAE8339002E6D2F /* Build configuration list for PBXNativeTarget "Hello WorldUITests" */;
			buildPhases = (
				227B78F51BAE8339002E6D2F /* Sources */,
				227B78F61BAE8339002E6D2F /* Frameworks */,
				227B78F71BAE8339002E6D2F /* Resources */,
			);
			buildRules = (
			);
			dependencies = (
				227B78FB1BAE8339002E6D2F /* PBXTargetDependency */,
			);
			name = "Hello WorldUITests";
			productName = "Hello WorldUITests";
			productReference = 227B78F91BAE8339002E6D2F /* Hello WorldUITests.xctest */;
			productType = "com.apple.product-type.bundle.ui-testing";
		};
/* End PBXNativeTarget section */

/* Begin PBXProject section */
		227B78D21BAE8339002E6D2F /* Project object */ = {
			isa = PBXProject;
			attributes = {
				LastUpgradeCheck = 0700;
				ORGANIZATIONNAME = "Brian Ham";
				TargetAttributes = {
					227B78D91BAE8339002E6D2F = {
						CreatedOnToolsVersion = 7.0;
					};
					227B78ED1BAE8339002E6D2F = {
						CreatedOnToolsVersion = 7.0;
						TestTargetID = 227B78D91BAE8339002E6D2F;
					};
					227B78F81BAE8339002E6D2F = {
						CreatedOnToolsVersion = 7.0;
						TestTargetID = 227B78D91BAE8339002E6D2F;
					};
				};
			};
			buildConfigurationList = 227B78D51BAE8339002E6D2F /* Build configuration list for PBXProject "Hello World" */;
			compatibilityVersion = "Xcode 3.2";
			developmentRegion = English;
			hasScannedForEncodings = 0;
			knownRegions = (
				en,
				Base,
			);
			mainGroup = 227B78D11BAE8339002E6D2F;
			productRefGroup = 227B78DB1BAE8339002E6D2F /* Products */;
			projectDirPath = "";
			projectRoot = "";
			targets = (
				227B78D91BAE8339002E6D2F /* Hello World */,
				227B78ED1BAE8339002E6D2F /* Hello WorldTests */,
				227B78F81BAE8339002E6D2F /* Hello WorldUITests */,
			);
		};
/* End PBXProject section */

/* Begin PBXResourcesBuildPhase section */
		227B78D81BAE8339002E6D2F /* Resources */ = {
			isa = PBXResourcesBuildPhase;
			buildActionMask = 2147483647;
			files = (
				227B78E81BAE8339002E6D2F /* LaunchScreen.storyboard in Resources */,
				227B78E51BAE8339002E6D2F /* Assets.xcassets in Resources */,
				227B78E31BAE8339002E6D2F /* Main.storyboard in Resources */,
			);
			runOnlyForDeploymentPostprocessing = 0;
		};
		227B78EC1BAE8339002E6D2F /* Resources */ = {
			isa = PBXResourcesBuildPhase;
			buildActionMask = 2147483647;
			files = (
			);
			runOnlyForDeploymentPostprocessing = 0;
		};
		227B78F71BAE8339002E6D2F /* Resources */ = {
			isa = PBXResourcesBuildPhase;
			buildActionMask = 2147483647;
			files = (
			);
			runOnlyForDeploymentPostprocessing = 0;
		};
/* End PBXResourcesBuildPhase section */

/* Begin PBXSourcesBuildPhase section */
		227B78D61BAE8339002E6D2F /* Sources */ = {
			isa = PBXSourcesBuildPhase;
			buildActionMask = 2147483647;
			files = (
				227B78E01BAE8339002E6D2F /* ViewController.swift in Sources */,
				227B78DE1BAE8339002E6D2F /* AppDelegate.swift in Sources */,
			);
			runOnlyForDeploymentPostprocessing = 0;
		};
		227B78EA1BAE8339002E6D2F /* Sources */ = {
			isa = PBXSourcesBuildPhase;
			buildActionMask = 2147483647;
			files = (
				227B78F31BAE8339002E6D2F /* Hello_WorldTests.swift in Sources */,
			);
			runOnlyForDeploymentPostprocessing = 0;
		};
		227B78F51BAE8339002E6D2F /* Sources */ = {
			isa = PBXSourcesBuildPhase;
			buildActionMask = 2147483647;
			files = (
				227B78FE1BAE8339002E6D2F /* Hello_WorldUITests.swift in Sources */,
			);
			runOnlyForDeploymentPostprocessing = 0;
		};
/* End PBXSourcesBuildPhase section */

/* Begin PBXTargetDependency section */
		227B78F01BAE8339002E6D2F /* PBXTargetDependency */ = {
			isa = PBXTargetDependency;
			target = 227B78D91BAE8339002E6D2F /* Hello World */;
			targetProxy = 227B78EF1BAE8339002E6D2F /* PBXContainerItemProxy */;
		};
		227B78FB1BAE8339002E6D2F /* PBXTargetDependency */ = {
			isa = PBXTargetDependency;
			target = 227B78D91BAE8339002E6D2F /* Hello World */;
			targetProxy = 227B78FA1BAE8339002E6D2F /* PBXContainerItemProxy */;
		};
/* End PBXTargetDependency section */

/* Begin PBXVariantGroup section */
		227B78E11BAE8339002E6D2F /* Main.storyboard */ = {
			isa = PBXVariantGroup;
			children = (
				227B78E21BAE8339002E6D2F /* Base */,
			);
			name = Main.storyboard;
			sourceTree = "<group>";
		};
		227B78E61BAE8339002E6D2F /* LaunchScreen.storyboard */ = {
			isa = PBXVariantGroup;
			children = (
				227B78E71BAE8339002E6D2F /* Base */,
			);
			name = LaunchScreen.storyboard;
			sourceTree = "<group>";
		};
/* End PBXVariantGroup section */

/* Begin XCBuildConfiguration section */
		227B79001BAE8339002E6D2F /* Debug */ = {
			isa = XCBuildConfiguration;
			buildSettings = {
				ALWAYS_SEARCH_USER_PATHS = NO;
				CLANG_CXX_LANGUAGE_STANDARD = "gnu++0x";
				CLANG_CXX_LIBRARY = "libc++";
				CLANG_ENABLE_MODULES = YES;
				CLANG_ENABLE_OBJC_ARC = YES;
				CLANG_WARN_BOOL_CONVERSION = YES;
				CLANG_WARN_CONSTANT_CONVERSION = YES;
				CLANG_WARN_DIRECT_OBJC_ISA_USAGE = YES_ERROR;
				CLANG_WARN_EMPTY_BODY = YES;
				CLANG_WARN_ENUM_CONVERSION = YES;
				CLANG_WARN_INT_CONVERSION = YES;
				CLANG_WARN_OBJC_ROOT_CLASS = YES_ERROR;
				CLANG_WARN_UNREACHABLE_CODE = YES;
				CLANG_WARN__DUPLICATE_METHOD_MATCH = YES;
				"CODE_SIGN_IDENTITY[sdk=iphoneos*]" = "iPhone Developer";
				COPY_PHASE_STRIP = NO;
				DEBUG_INFORMATION_FORMAT = dwarf;
				ENABLE_STRICT_OBJC_MSGSEND = YES;
				ENABLE_TESTABILITY = YES;
				GCC_C_LANGUAGE_STANDARD = gnu99;
				GCC_DYNAMIC_NO_PIC = NO;
				GCC_NO_COMMON_BLOCKS = YES;
				GCC_OPTIMIZATION_LEVEL = 0;
				GCC_PREPROCESSOR_DEFINITIONS = (
					"DEBUG=1",
					"$(inherited)",
				);
				GCC_WARN_64_TO_32_BIT_CONVERSION = YES;
				GCC_WARN_ABOUT_RETURN_TYPE = YES_ERROR;
				GCC_WARN_UNDECLARED_SELECTOR = YES;
				GCC_WARN_UNINITIALIZED_AUTOS = YES_AGGRESSIVE;
				GCC_WARN_UNUSED_FUNCTION = YES;
				GCC_WARN_UNUSED_VARIABLE = YES;
				IPHONEOS_DEPLOYMENT_TARGET = 9.0;
				MTL_ENABLE_DEBUG_INFO = YES;
				ONLY_ACTIVE_ARCH = YES;
				SDKROOT = iphoneos;
				SWIFT_OPTIMIZATION_LEVEL = "-Onone";
			};
			name = Debug;
		};
		227B79011BAE8339002E6D2F /* Release */ = {
			isa = XCBuildConfiguration;
			buildSettings = {
				ALWAYS_SEARCH_USER_PATHS = NO;
				CLANG_CXX_LANGUAGE_STANDARD = "gnu++0x";
				CLANG_CXX_LIBRARY = "libc++";
				CLANG_ENABLE_MODULES = YES;
				CLANG_ENABLE_OBJC_ARC = YES;
				CLANG_WARN_BOOL_CONVERSION = YES;
				CLANG_WARN_CONSTANT_CONVERSION = YES;
				CLANG_WARN_DIRECT_OBJC_ISA_USAGE = YES_ERROR;
				CLANG_WARN_EMPTY_BODY = YES;
				CLANG_WARN_ENUM_CONVERSION = YES;
				CLANG_WARN_INT_CONVERSION = YES;
				CLANG_WARN_OBJC_ROOT_CLASS = YES_ERROR;
				CLANG_WARN_UNREACHABLE_CODE = YES;
				CLANG_WARN__DUPLICATE_METHOD_MATCH = YES;
				"CODE_SIGN_IDENTITY[sdk=iphoneos*]" = "iPhone Developer";
				COPY_PHASE_STRIP = NO;
				DEBUG_INFORMATION_FORMAT = "dwarf-with-dsym";
				ENABLE_NS_ASSERTIONS = NO;
				ENABLE_STRICT_OBJC_MSGSEND = YES;
				GCC_C_LANGUAGE_STANDARD = gnu99;
				GCC_NO_COMMON_BLOCKS = YES;
				GCC_WARN_64_TO_32_BIT_CONVERSION = YES;
				GCC_WARN_ABOUT_RETURN_TYPE = YES_ERROR;
				GCC_WARN_UNDECLARED_SELECTOR = YES;
				GCC_WARN_UNINITIALIZED_AUTOS = YES_AGGRESSIVE;
				GCC_WARN_UNUSED_FUNCTION = YES;
				GCC_WARN_UNUSED_VARIABLE = YES;
				IPHONEOS_DEPLOYMENT_TARGET = 9.0;
				MTL_ENABLE_DEBUG_INFO = NO;
				SDKROOT = iphoneos;
				VALIDATE_PRODUCT = YES;
			};
			name = Release;
		};
		227B79031BAE8339002E6D2F /* Debug */ = {
			isa = XCBuildConfiguration;
			buildSettings = {
				ASSETCATALOG_COMPILER_APPICON_NAME = AppIcon;
				INFOPLIST_FILE = "Hello World/Info.plist";
				LD_RUNPATH_SEARCH_PATHS = "$(inherited) @executable_path/Frameworks";
				PRODUCT_BUNDLE_IDENTIFIER = "com.RED-DEVIL.Hello-World";
				PRODUCT_NAME = "$(TARGET_NAME)";
			};
			name = Debug;
		};
		227B79041BAE8339002E6D2F /* Release */ = {
			isa = XCBuildConfiguration;
			buildSettings = {
				ASSETCATALOG_COMPILER_APPICON_NAME = AppIcon;
				INFOPLIST_FILE = "Hello World/Info.plist";
				LD_RUNPATH_SEARCH_PATHS = "$(inherited) @executable_path/Frameworks";
				PRODUCT_BUNDLE_IDENTIFIER = "com.RED-DEVIL.Hello-World";
				PRODUCT_NAME = "$(TARGET_NAME)";
			};
			name = Release;
		};
		227B79061BAE8339002E6D2F /* Debug */ = {
			isa = XCBuildConfiguration;
			buildSettings = {
				BUNDLE_LOADER = "$(TEST_HOST)";
				INFOPLIST_FILE = "Hello WorldTests/Info.plist";
				LD_RUNPATH_SEARCH_PATHS = "$(inherited) @executable_path/Frameworks @loader_path/Frameworks";
				PRODUCT_BUNDLE_IDENTIFIER = "com.RED-DEVIL.Hello-WorldTests";
				PRODUCT_NAME = "$(TARGET_NAME)";
				TEST_HOST = "$(BUILT_PRODUCTS_DIR)/Hello World.app/Hello World";
			};
			name = Debug;
		};
		227B79071BAE8339002E6D2F /* Release */ = {
			isa = XCBuildConfiguration;
			buildSettings = {
				BUNDLE_LOADER = "$(TEST_HOST)";
				INFOPLIST_FILE = "Hello WorldTests/Info.plist";
				LD_RUNPATH_SEARCH_PATHS = "$(inherited) @executable_path/Frameworks @loader_path/Frameworks";
				PRODUCT_BUNDLE_IDENTIFIER = "com.RED-DEVIL.Hello-WorldTests";
				PRODUCT_NAME = "$(TARGET_NAME)";
				TEST_HOST = "$(BUILT_PRODUCTS_DIR)/Hello World.app/Hello World";
			};
			name = Release;
		};
		227B79091BAE8339002E6D2F /* Debug */ = {
			isa = XCBuildConfiguration;
			buildSettings = {
				INFOPLIST_FILE = "Hello WorldUITests/Info.plist";
				LD_RUNPATH_SEARCH_PATHS = "$(inherited) @executable_path/Frameworks @loader_path/Frameworks";
				PRODUCT_BUNDLE_IDENTIFIER = "com.RED-DEVIL.Hello-WorldUITests";
				PRODUCT_NAME = "$(TARGET_NAME)";
				TEST_TARGET_NAME = "Hello World";
				USES_XCTRUNNER = YES;
			};
			name = Debug;
		};
		227B790A1BAE8339002E6D2F /* Release */ = {
			isa = XCBuildConfiguration;
			buildSettings = {
				INFOPLIST_FILE = "Hello WorldUITests/Info.plist";
				LD_RUNPATH_SEARCH_PATHS = "$(inherited) @executable_path/Frameworks @loader_path/Frameworks";
				PRODUCT_BUNDLE_IDENTIFIER = "com.RED-DEVIL.Hello-WorldUITests";
				PRODUCT_NAME = "$(TARGET_NAME)";
				TEST_TARGET_NAME = "Hello World";
				USES_XCTRUNNER = YES;
			};
			name = Release;
		};
/* End XCBuildConfiguration section */

/* Begin XCConfigurationList section */
		227B78D51BAE8339002E6D2F /* Build configuration list for PBXProject "Hello World" */ = {
			isa = XCConfigurationList;
			buildConfigurations = (
				227B79001BAE8339002E6D2F /* Debug */,
				227B79011BAE8339002E6D2F /* Release */,
			);
			defaultConfigurationIsVisible = 0;
			defaultConfigurationName = Release;
		};
		227B79021BAE8339002E6D2F /* Build configuration list for PBXNativeTarget "Hello World" */ = {
			isa = XCConfigurationList;
			buildConfigurations = (
				227B79031BAE8339002E6D2F /* Debug */,
				227B79041BAE8339002E6D2F /* Release */,
			);
			defaultConfigurationIsVisible = 0;
		};
		227B79051BAE8339002E6D2F /* Build configuration list for PBXNativeTarget "Hello WorldTests" */ = {
			isa = XCConfigurationList;
			buildConfigurations = (
				227B79061BAE8339002E6D2F /* Debug */,
				227B79071BAE8339002E6D2F /* Release */,
			);
			defaultConfigurationIsVisible = 0;
		};
		227B79081BAE8339002E6D2F /* Build configuration list for PBXNativeTarget "Hello WorldUITests" */ = {
			isa = XCConfigurationList;
			buildConfigurations = (
				227B79091BAE8339002E6D2F /* Debug */,
				227B790A1BAE8339002E6D2F /* Release */,
			);
			defaultConfigurationIsVisible = 0;
		};
/* End XCConfigurationList section */
	};
	rootObject = 227B78D21BAE8339002E6D2F /* Project object */;
}
